
Microsoft Visual Studio Solution File, Format Version 12.00
# Visual Studio Version 17
VisualStudioVersion = 17.6.33815.320
MinimumVisualStudioVersion = 10.0.40219.1
Project("{9A19103F-16F7-4668-BE54-9A1E7A4F7556}") = "NZWalks.API", "NZWalks.API\NZWalks.API.csproj", "{B9954217-F44A-4F12-8E53-FF4951E1D49D}"
EndProject
Project("{FAE04EC0-301F-11D3-BF4B-00C04F79EFBC}") = "Web-API-Versioning.API", "Web-API-Versioning.API\Web-API-Versioning.API.csproj", "{7B6FD24A-46C4-4BF7-A0EC-D0233DA6E9B4}"
EndProject
Project("{FAE04EC0-301F-11D3-BF4B-00C04F79EFBC}") = "NzWalks.UI", "NzWalks.UI\NzWalks.UI.csproj", "{0C029075-AF3F-45F1-9941-E1D2C4691494}"
EndProject
Global
	GlobalSection(SolutionConfigurationPlatforms) = preSolution
		Debug|Any CPU = Debug|Any CPU
		Release|Any CPU = Release|Any CPU
	EndGlobalSection
	GlobalSection(ProjectConfigurationPlatforms) = postSolution
		{B9954217-F44A-4F12-8E53-FF4951E1D49D}.Debug|Any CPU.ActiveCfg = Debug|Any CPU
		{B9954217-F44A-4F12-8E53-FF4951E1D49D}.Debug|Any CPU.Build.0 = Debug|Any CPU
		{B9954217-F44A-4F12-8E53-FF4951E1D49D}.Release|Any CPU.ActiveCfg = Release|Any CPU
		{B9954217-F44A-4F12-8E53-FF4951E1D49D}.Release|Any CPU.Build.0 = Release|Any CPU
		{7B6FD24A-46C4-4BF7-A0EC-D0233DA6E9B4}.Debug|Any CPU.ActiveCfg = Debug|Any CPU
		{7B6FD24A-46C4-4BF7-A0EC-D0233DA6E9B4}.Debug|Any CPU.Build.0 = Debug|Any CPU
		{7B6FD24A-46C4-4BF7-A0EC-D0233DA6E9B4}.Release|Any CPU.ActiveCfg = Release|Any CPU
		{7B6FD24A-46C4-4BF7-A0EC-D0233DA6E9B4}.Release|Any CPU.Build.0 = Release|Any CPU
		{0C029075-AF3F-45F1-9941-E1D2C4691494}.Debug|Any CPU.ActiveCfg = Debug|Any CPU
		{0C029075-AF3F-45F1-9941-E1D2C4691494}.Debug|Any CPU.Build.0 = Debug|Any CPU
		{0C029075-AF3F-45F1-9941-E1D2C4691494}.Release|Any CPU.ActiveCfg = Release|Any CPU
		{0C029075-AF3F-45F1-9941-E1D2C4691494}.Release|Any CPU.Build.0 = Release|Any CPU
	EndGlobalSection
	GlobalSection(SolutionProperties) = preSolution
		HideSolutionNode = FALSE
	EndGlobalSection
	GlobalSection(ExtensibilityGlobals) = postSolution
		SolutionGuid = {226AC72D-2A26-491A-968E-79832778A2E7}
	EndGlobalSection
EndGlobal
