
Microsoft Visual Studio Solution File, Format Version 12.00
# Visual Studio Version 17
VisualStudioVersion = 17.6.33815.320
MinimumVisualStudioVersion = 10.0.40219.1
Project("{FAE04EC0-301F-11D3-BF4B-00C04F79EFBC}") = "NZWalks.API", "NZWalks.API\NZWalks.API.csproj", "{B9954217-F44A-4F12-8E53-FF4951E1D49D}"
EndProject
Global
	GlobalSection(SolutionConfigurationPlatforms) = preSolution
		Debug|Any CPU = Debug|Any CPU
		Release|Any CPU = Release|Any CPU
	EndGlobalSection
	GlobalSection(ProjectConfigurationPlatforms) = postSolution
		{B9954217-F44A-4F12-8E53-FF4951E1D49D}.Debug|Any CPU.ActiveCfg = Debug|Any CPU
		{B9954217-F44A-4F12-8E53-FF4951E1D49D}.Debug|Any CPU.Build.0 = Debug|Any CPU
		{B9954217-F44A-4F12-8E53-FF4951E1D49D}.Release|Any CPU.ActiveCfg = Release|Any CPU
		{B9954217-F44A-4F12-8E53-FF4951E1D49D}.Release|Any CPU.Build.0 = Release|Any CPU
	EndGlobalSection
	GlobalSection(SolutionProperties) = preSolution
		HideSolutionNode = FALSE
	EndGlobalSection
	GlobalSection(ExtensibilityGlobals) = postSolution
		SolutionGuid = {226AC72D-2A26-491A-968E-79832778A2E7}
	EndGlobalSection
EndGlobal
